{
  "name": "online-proxy",
  "version": "1.0.0",
  "lockfileVersion": 2,
  "requires": true,
  "packages": {
    "": {
      "name": "online-proxy",
      "version": "1.0.0",
      "license": "ISC",
      "dependencies": {
        "http-proxy": "^1.18.1"
      }
    },
    "node_modules/eventemitter3": {
      "version": "4.0.7",
      "resolved": "http://registry.npm.release.ctripcorp.com/eventemitter3/download/eventemitter3-4.0.7.tgz",
      "integrity": "sha1-Lem2j2Uo1WRO9cWVJqG0oHMGFp8=",
      "license": "MIT"
    },
    "node_modules/follow-redirects": {
      "version": "1.15.0",
      "resolved": "http://registry.npm.release.ctripcorp.com/follow-redirects/download/follow-redirects-1.15.0.tgz",
      "integrity": "sha1-BkQYaCgchtDdpK2L2urS0C3KidQ=",
      "funding": [
        {
          "type": "individual",
          "url": "https://github.com/sponsors/RubenVerborgh"
        }
      ],
      "license": "MIT",
      "engines": {
        "node": ">=4.0"
      },
      "peerDependenciesMeta": {
        "debug": {
          "optional": true
        }
      }
    },
    "node_modules/http-proxy": {
      "version": "1.18.1",
      "resolved": "http://registry.npm.release.ctripcorp.com/http-proxy/download/http-proxy-1.18.1.tgz",
      "integrity": "sha1-QBVB8FNIhLv5UmAzTnL4juOXZUk=",
      "license": "MIT",
      "dependencies": {
        "eventemitter3": "^4.0.0",
        "follow-redirects": "^1.0.0",
        "requires-port": "^1.0.0"
      },
      "engines": {
        "node": ">=8.0.0"
      }
    },
    "node_modules/requires-port": {
      "version": "1.0.0",
      "resolved": "http://registry.npm.release.ctripcorp.com/requires-port/download/requires-port-1.0.0.tgz",
      "integrity": "sha1-kl0mAdOaxIXgkc8NpcbmlNw9yv8=",
      "license": "MIT"
    }
  },
  "dependencies": {
    "eventemitter3": {
      "version": "4.0.7",
      "resolved": "http://registry.npm.release.ctripcorp.com/eventemitter3/download/eventemitter3-4.0.7.tgz",
      "integrity": "sha1-Lem2j2Uo1WRO9cWVJqG0oHMGFp8="
    },
    "follow-redirects": {
      "version": "1.15.0",
      "resolved": "http://registry.npm.release.ctripcorp.com/follow-redirects/download/follow-redirects-1.15.0.tgz",
      "integrity": "sha1-BkQYaCgchtDdpK2L2urS0C3KidQ="
    },
    "http-proxy": {
      "version": "1.18.1",
      "resolved": "http://registry.npm.release.ctripcorp.com/http-proxy/download/http-proxy-1.18.1.tgz",
      "integrity": "sha1-QBVB8FNIhLv5UmAzTnL4juOXZUk=",
      "requires": {
        "eventemitter3": "^4.0.0",
        "follow-redirects": "^1.0.0",
        "requires-port": "^1.0.0"
      }
    },
    "requires-port": {
      "version": "1.0.0",
      "resolved": "http://registry.npm.release.ctripcorp.com/requires-port/download/requires-port-1.0.0.tgz",
      "integrity": "sha1-kl0mAdOaxIXgkc8NpcbmlNw9yv8="
    }
  }
}
